{
    "name": "node-red-contrib-text-to-image",
    "version": "1.0.0",
    "lockfileVersion": 3,
    "requires": true,
    "packages": {
        "": {
            "name": "node-red-contrib-text-to-image",
            "version": "1.0.0",
            "license": "ISC",
            "dependencies": {
                "bwip-js": "^4.2.0"
            }
        },
        "node_modules/bwip-js": {
            "version": "4.2.0",
            "resolved": "https://registry.npmjs.org/bwip-js/-/bwip-js-4.2.0.tgz",
            "integrity": "sha512-ensRRvLYdcAmg+zEUJ8a704XGjmbWXmCjSPw8Fwo/cF6GwGDrT0nv+P6M59OHelzRH5WRli+AbFTcP5rRV7WdQ==",
            "bin": {
                "bwip-js": "bin/bwip-js.js"
            }
        }
    }
}
